<?xml version="1.0" encoding="UTF-8"?>
<Scheme
   version = "1.3">
   <BuildAction>
      <BuildActionEntries>
         <BuildActionEntry
            buildForRunning = "YES">
            <BuildableReference
               BuildableIdentifier = "primary"
               BlueprintIdentifier = "384ADA6F11E28E800BB720E1"
               BuildableName = "AppCodeDataStruct"
               BlueprintName = "AppCodeDataStruct"
               ReferencedContainer = "container:AppCodeDataStruct.xcodeproj">
            </BuildableReference>
         </BuildActionEntry>
      </BuildActionEntries>
   </BuildAction>
   <LaunchAction
      useCustomWorkingDirectory = "NO"
      buildConfiguration = "Debug">
      <BuildableProductRunnable>
         <BuildableReference
            BuildableIdentifier = "primary"
            BlueprintIdentifier = "384ADA6F11E28E800BB720E1"
            BuildableName = "AppCodeDataStruct"
            BlueprintName = "AppCodeDataStruct"
            ReferencedContainer = "container:AppCodeDataStruct.xcodeproj">
         </BuildableReference>
      </BuildableProductRunnable>
   </LaunchAction>
</Scheme>
